// !$*UTF8*$!
{
	archiveVersion = 1;
	classes = {
	};
	objectVersion = 46;
	objects = {

/* Begin PBXBuildFile section */
		9353DDFD175AB63400FBDFB7 /* UIKit.framework in Frameworks */ = {isa = PBXBuildFile; fileRef = 9353DDFC175AB63400FBDFB7 /* UIKit.framework */; };
		9353DDFF175AB63400FBDFB7 /* Foundation.framework in Frameworks */ = {isa = PBXBuildFile; fileRef = 9353DDFE175AB63400FBDFB7 /* Foundation.framework */; };
		9353DE01175AB63400FBDFB7 /* CoreGraphics.framework in Frameworks */ = {isa = PBXBuildFile; fileRef = 9353DE00175AB63400FBDFB7 /* CoreGraphics.framework */; };
		9353DE07175AB63400FBDFB7 /* InfoPlist.strings in Resources */ = {isa = PBXBuildFile; fileRef = 9353DE05175AB63400FBDFB7 /* InfoPlist.strings */; };
		9353DE09175AB63400FBDFB7 /* main.m in Sources */ = {isa = PBXBuildFile; fileRef = 9353DE08175AB63400FBDFB7 /* main.m */; };
		9353DE0D175AB63400FBDFB7 /* AppDelegate.m in Sources */ = {isa = PBXBuildFile; fileRef = 9353DE0C175AB63400FBDFB7 /* AppDelegate.m */; };
		9353DE0F175AB63400FBDFB7 /* Default.png in Resources */ = {isa = PBXBuildFile; fileRef = 9353DE0E175AB63400FBDFB7 /* Default.png */; };
		9353DE11175AB63400FBDFB7 /* Default@2x.png in Resources */ = {isa = PBXBuildFile; fileRef = 9353DE10175AB63400FBDFB7 /* Default@2x.png */; };
		9353DE13175AB63400FBDFB7 /* Default-568h@2x.png in Resources */ = {isa = PBXBuildFile; fileRef = 9353DE12175AB63400FBDFB7 /* Default-568h@2x.png */; };
		9353DE16175AB63400FBDFB7 /* MainStoryboard.storyboard in Resources */ = {isa = PBXBuildFile; fileRef = 9353DE14175AB63400FBDFB7 /* MainStoryboard.storyboard */; };
		9353DE19175AB63400FBDFB7 /* ViewController.m in Sources */ = {isa = PBXBuildFile; fileRef = 9353DE18175AB63400FBDFB7 /* ViewController.m */; };
/* End PBXBuildFile section */

/* Begin PBXFileReference section */
		9353DDF9175AB63400FBDFB7 /* MMPersistanceScaffold.app */ = {isa = PBXFileReference; explicitFileType = wrapper.application; includeInIndex = 0; path = MMPersistanceScaffold.app; sourceTree = BUILT_PRODUCTS_DIR; };
		9353DDFC175AB63400FBDFB7 /* UIKit.framework */ = {isa = PBXFileReference; lastKnownFileType = wrapper.framework; name = UIKit.framework; path = System/Library/Frameworks/UIKit.framework; sourceTree = SDKROOT; };
		9353DDFE175AB63400FBDFB7 /* Foundation.framework */ = {isa = PBXFileReference; lastKnownFileType = wrapper.framework; name = Foundation.framework; path = System/Library/Frameworks/Foundation.framework; sourceTree = SDKROOT; };
		9353DE00175AB63400FBDFB7 /* CoreGraphics.framework */ = {isa = PBXFileReference; lastKnownFileType = wrapper.framework; name = CoreGraphics.framework; path = System/Library/Frameworks/CoreGraphics.framework; sourceTree = SDKROOT; };
		9353DE04175AB63400FBDFB7 /* MMPersistanceScaffold-Info.plist */ = {isa = PBXFileReference; lastKnownFileType = text.plist.xml; path = "MMPersistanceScaffold-Info.plist"; sourceTree = "<group>"; };
		9353DE06175AB63400FBDFB7 /* en */ = {isa = PBXFileReference; lastKnownFileType = text.plist.strings; name = en; path = en.lproj/InfoPlist.strings; sourceTree = "<group>"; };
		9353DE08175AB63400FBDFB7 /* main.m */ = {isa = PBXFileReference; lastKnownFileType = sourcecode.c.objc; path = main.m; sourceTree = "<group>"; };
		9353DE0A175AB63400FBDFB7 /* MMPersistanceScaffold-Prefix.pch */ = {isa = PBXFileReference; lastKnownFileType = sourcecode.c.h; path = "MMPersistanceScaffold-Prefix.pch"; sourceTree = "<group>"; };
		9353DE0B175AB63400FBDFB7 /* AppDelegate.h */ = {isa = PBXFileReference; lastKnownFileType = sourcecode.c.h; path = AppDelegate.h; sourceTree = "<group>"; };
		9353DE0C175AB63400FBDFB7 /* AppDelegate.m */ = {isa = PBXFileReference; lastKnownFileType = sourcecode.c.objc; path = AppDelegate.m; sourceTree = "<group>"; };
		9353DE0E175AB63400FBDFB7 /* Default.png */ = {isa = PBXFileReference; lastKnownFileType = image.png; path = Default.png; sourceTree = "<group>"; };
		9353DE10175AB63400FBDFB7 /* Default@2x.png */ = {isa = PBXFileReference; lastKnownFileType = image.png; path = "Default@2x.png"; sourceTree = "<group>"; };
		9353DE12175AB63400FBDFB7 /* Default-568h@2x.png */ = {isa = PBXFileReference; lastKnownFileType = image.png; path = "Default-568h@2x.png"; sourceTree = "<group>"; };
		9353DE15175AB63400FBDFB7 /* en */ = {isa = PBXFileReference; lastKnownFileType = file.storyboard; name = en; path = en.lproj/MainStoryboard.storyboard; sourceTree = "<group>"; };
		9353DE17175AB63400FBDFB7 /* ViewController.h */ = {isa = PBXFileReference; lastKnownFileType = sourcecode.c.h; path = ViewController.h; sourceTree = "<group>"; };
		9353DE18175AB63400FBDFB7 /* ViewController.m */ = {isa = PBXFileReference; lastKnownFileType = sourcecode.c.objc; path = ViewController.m; sourceTree = "<group>"; };
/* End PBXFileReference section */

/* Begin PBXFrameworksBuildPhase section */
		9353DDF6175AB63400FBDFB7 /* Frameworks */ = {
			isa = PBXFrameworksBuildPhase;
			buildActionMask = 2147483647;
			files = (
				9353DDFD175AB63400FBDFB7 /* UIKit.framework in Frameworks */,
				9353DDFF175AB63400FBDFB7 /* Foundation.framework in Frameworks */,
				9353DE01175AB63400FBDFB7 /* CoreGraphics.framework in Frameworks */,
			);
			runOnlyForDeploymentPostprocessing = 0;
		};
/* End PBXFrameworksBuildPhase section */

/* Begin PBXGroup section */
		9353DDF0175AB63400FBDFB7 = {
			isa = PBXGroup;
			children = (
				9353DE02175AB63400FBDFB7 /* MMPersistanceScaffold */,
				9353DDFB175AB63400FBDFB7 /* Frameworks */,
				9353DDFA175AB63400FBDFB7 /* Products */,
			);
			sourceTree = "<group>";
		};
		9353DDFA175AB63400FBDFB7 /* Products */ = {
			isa = PBXGroup;
			children = (
				9353DDF9175AB63400FBDFB7 /* MMPersistanceScaffold.app */,
			);
			name = Products;
			sourceTree = "<group>";
		};
		9353DDFB175AB63400FBDFB7 /* Frameworks */ = {
			isa = PBXGroup;
			children = (
				9353DDFC175AB63400FBDFB7 /* UIKit.framework */,
				9353DDFE175AB63400FBDFB7 /* Foundation.framework */,
				9353DE00175AB63400FBDFB7 /* CoreGraphics.framework */,
			);
			name = Frameworks;
			sourceTree = "<group>";
		};
		9353DE02175AB63400FBDFB7 /* MMPersistanceScaffold */ = {
			isa = PBXGroup;
			children = (
				9353DE0B175AB63400FBDFB7 /* AppDelegate.h */,
				9353DE0C175AB63400FBDFB7 /* AppDelegate.m */,
				9353DE14175AB63400FBDFB7 /* MainStoryboard.storyboard */,
				9353DE17175AB63400FBDFB7 /* ViewController.h */,
				9353DE18175AB63400FBDFB7 /* ViewController.m */,
				9353DE03175AB63400FBDFB7 /* Supporting Files */,
			);
			path = MMPersistanceScaffold;
			sourceTree = "<group>";
		};
		9353DE03175AB63400FBDFB7 /* Supporting Files */ = {
			isa = PBXGroup;
			children = (
				9353DE04175AB63400FBDFB7 /* MMPersistanceScaffold-Info.plist */,
				9353DE05175AB63400FBDFB7 /* InfoPlist.strings */,
				9353DE08175AB63400FBDFB7 /* main.m */,
				9353DE0A175AB63400FBDFB7 /* MMPersistanceScaffold-Prefix.pch */,
				9353DE0E175AB63400FBDFB7 /* Default.png */,
				9353DE10175AB63400FBDFB7 /* Default@2x.png */,
				9353DE12175AB63400FBDFB7 /* Default-568h@2x.png */,
			);
			name = "Supporting Files";
			sourceTree = "<group>";
		};
/* End PBXGroup section */

/* Begin PBXNativeTarget section */
		9353DDF8175AB63400FBDFB7 /* MMPersistanceScaffold */ = {
			isa = PBXNativeTarget;
			buildConfigurationList = 9353DE1C175AB63400FBDFB7 /* Build configuration list for PBXNativeTarget "MMPersistanceScaffold" */;
			buildPhases = (
				9353DDF5175AB63400FBDFB7 /* Sources */,
				9353DDF6175AB63400FBDFB7 /* Frameworks */,
				9353DDF7175AB63400FBDFB7 /* Resources */,
			);
			buildRules = (
			);
			dependencies = (
			);
			name = MMPersistanceScaffold;
			productName = MMPersistanceScaffold;
			productReference = 9353DDF9175AB63400FBDFB7 /* MMPersistanceScaffold.app */;
			productType = "com.apple.product-type.application";
		};
/* End PBXNativeTarget section */

/* Begin PBXProject section */
		9353DDF1175AB63400FBDFB7 /* Project object */ = {
			isa = PBXProject;
			attributes = {
				LastUpgradeCheck = 0460;
				ORGANIZATIONNAME = MobileMakers;
			};
			buildConfigurationList = 9353DDF4175AB63400FBDFB7 /* Build configuration list for PBXProject "MMPersistanceScaffold" */;
			compatibilityVersion = "Xcode 3.2";
			developmentRegion = English;
			hasScannedForEncodings = 0;
			knownRegions = (
				en,
			);
			mainGroup = 9353DDF0175AB63400FBDFB7;
			productRefGroup = 9353DDFA175AB63400FBDFB7 /* Products */;
			projectDirPath = "";
			projectRoot = "";
			targets = (
				9353DDF8175AB63400FBDFB7 /* MMPersistanceScaffold */,
			);
		};
/* End PBXProject section */

/* Begin PBXResourcesBuildPhase section */
		9353DDF7175AB63400FBDFB7 /* Resources */ = {
			isa = PBXResourcesBuildPhase;
			buildActionMask = 2147483647;
			files = (
				9353DE07175AB63400FBDFB7 /* InfoPlist.strings in Resources */,
				9353DE0F175AB63400FBDFB7 /* Default.png in Resources */,
				9353DE11175AB63400FBDFB7 /* Default@2x.png in Resources */,
				9353DE13175AB63400FBDFB7 /* Default-568h@2x.png in Resources */,
				9353DE16175AB63400FBDFB7 /* MainStoryboard.storyboard in Resources */,
			);
			runOnlyForDeploymentPostprocessing = 0;
		};
/* End PBXResourcesBuildPhase section */

/* Begin PBXSourcesBuildPhase section */
		9353DDF5175AB63400FBDFB7 /* Sources */ = {
			isa = PBXSourcesBuildPhase;
			buildActionMask = 2147483647;
			files = (
				9353DE09175AB63400FBDFB7 /* main.m in Sources */,
				9353DE0D175AB63400FBDFB7 /* AppDelegate.m in Sources */,
				9353DE19175AB63400FBDFB7 /* ViewController.m in Sources */,
			);
			runOnlyForDeploymentPostprocessing = 0;
		};
/* End PBXSourcesBuildPhase section */

/* Begin PBXVariantGroup section */
		9353DE05175AB63400FBDFB7 /* InfoPlist.strings */ = {
			isa = PBXVariantGroup;
			children = (
				9353DE06175AB63400FBDFB7 /* en */,
			);
			name = InfoPlist.strings;
			sourceTree = "<group>";
		};
		9353DE14175AB63400FBDFB7 /* MainStoryboard.storyboard */ = {
			isa = PBXVariantGroup;
			children = (
				9353DE15175AB63400FBDFB7 /* en */,
			);
			name = MainStoryboard.storyboard;
			sourceTree = "<group>";
		};
/* End PBXVariantGroup section */

/* Begin XCBuildConfiguration section */
		9353DE1A175AB63400FBDFB7 /* Debug */ = {
			isa = XCBuildConfiguration;
			buildSettings = {
				ALWAYS_SEARCH_USER_PATHS = NO;
				CLANG_CXX_LANGUAGE_STANDARD = "gnu++0x";
				CLANG_CXX_LIBRARY = "libc++";
				CLANG_ENABLE_OBJC_ARC = YES;
				CLANG_WARN_CONSTANT_CONVERSION = YES;
				CLANG_WARN_EMPTY_BODY = YES;
				CLANG_WARN_ENUM_CONVERSION = YES;
				CLANG_WARN_INT_CONVERSION = YES;
				CLANG_WARN__DUPLICATE_METHOD_MATCH = YES;
				"CODE_SIGN_IDENTITY[sdk=iphoneos*]" = "iPhone Developer";
				COPY_PHASE_STRIP = NO;
				GCC_C_LANGUAGE_STANDARD = gnu99;
				GCC_DYNAMIC_NO_PIC = NO;
				GCC_OPTIMIZATION_LEVEL = 0;
				GCC_PREPROCESSOR_DEFINITIONS = (
					"DEBUG=1",
					"$(inherited)",
				);
				GCC_SYMBOLS_PRIVATE_EXTERN = NO;
				GCC_WARN_ABOUT_RETURN_TYPE = YES;
				GCC_WARN_UNINITIALIZED_AUTOS = YES;
				GCC_WARN_UNUSED_VARIABLE = YES;
				IPHONEOS_DEPLOYMENT_TARGET = 6.1;
				ONLY_ACTIVE_ARCH = YES;
				SDKROOT = iphoneos;
			};
			name = Debug;
		};
		9353DE1B175AB63400FBDFB7 /* Release */ = {
			isa = XCBuildConfiguration;
			buildSettings = {
				ALWAYS_SEARCH_USER_PATHS = NO;
				CLANG_CXX_LANGUAGE_STANDARD = "gnu++0x";
				CLANG_CXX_LIBRARY = "libc++";
				CLANG_ENABLE_OBJC_ARC = YES;
				CLANG_WARN_CONSTANT_CONVERSION = YES;
				CLANG_WARN_EMPTY_BODY = YES;
				CLANG_WARN_ENUM_CONVERSION = YES;
				CLANG_WARN_INT_CONVERSION = YES;
				CLANG_WARN__DUPLICATE_METHOD_MATCH = YES;
				"CODE_SIGN_IDENTITY[sdk=iphoneos*]" = "iPhone Developer";
				COPY_PHASE_STRIP = YES;
				GCC_C_LANGUAGE_STANDARD = gnu99;
				GCC_WARN_ABOUT_RETURN_TYPE = YES;
				GCC_WARN_UNINITIALIZED_AUTOS = YES;
				GCC_WARN_UNUSED_VARIABLE = YES;
				IPHONEOS_DEPLOYMENT_TARGET = 6.1;
				OTHER_CFLAGS = "-DNS_BLOCK_ASSERTIONS=1";
				SDKROOT = iphoneos;
				VALIDATE_PRODUCT = YES;
			};
			name = Release;
		};
		9353DE1D175AB63400FBDFB7 /* Debug */ = {
			isa = XCBuildConfiguration;
			buildSettings = {
				GCC_PRECOMPILE_PREFIX_HEADER = YES;
				GCC_PREFIX_HEADER = "MMPersistanceScaffold/MMPersistanceScaffold-Prefix.pch";
				INFOPLIST_FILE = "MMPersistanceScaffold/MMPersistanceScaffold-Info.plist";
				PRODUCT_NAME = "$(TARGET_NAME)";
				WRAPPER_EXTENSION = app;
			};
			name = Debug;
		};
		9353DE1E175AB63400FBDFB7 /* Release */ = {
			isa = XCBuildConfiguration;
			buildSettings = {
				GCC_PRECOMPILE_PREFIX_HEADER = YES;
				GCC_PREFIX_HEADER = "MMPersistanceScaffold/MMPersistanceScaffold-Prefix.pch";
				INFOPLIST_FILE = "MMPersistanceScaffold/MMPersistanceScaffold-Info.plist";
				PRODUCT_NAME = "$(TARGET_NAME)";
				WRAPPER_EXTENSION = app;
			};
			name = Release;
		};
/* End XCBuildConfiguration section */

/* Begin XCConfigurationList section */
		9353DDF4175AB63400FBDFB7 /* Build configuration list for PBXProject "MMPersistanceScaffold" */ = {
			isa = XCConfigurationList;
			buildConfigurations = (
				9353DE1A175AB63400FBDFB7 /* Debug */,
				9353DE1B175AB63400FBDFB7 /* Release */,
			);
			defaultConfigurationIsVisible = 0;
			defaultConfigurationName = Release;
		};
		9353DE1C175AB63400FBDFB7 /* Build configuration list for PBXNativeTarget "MMPersistanceScaffold" */ = {
			isa = XCConfigurationList;
			buildConfigurations = (
				9353DE1D175AB63400FBDFB7 /* Debug */,
				9353DE1E175AB63400FBDFB7 /* Release */,
			);
			defaultConfigurationIsVisible = 0;
		};
/* End XCConfigurationList section */
	};
	rootObject = 9353DDF1175AB63400FBDFB7 /* Project object */;
}
