// !$*UTF8*$!
{
	archiveVersion = 1;
	classes = {
	};
	objectVersion = 46;
	objects = {

/* Begin PBXBuildFile section */
		047C110A179F196700CB066E /* UIKit.framework in Frameworks */ = {isa = PBXBuildFile; fileRef = 047C1109179F196700CB066E /* UIKit.framework */; };
		047C110C179F196700CB066E /* Foundation.framework in Frameworks */ = {isa = PBXBuildFile; fileRef = 047C110B179F196700CB066E /* Foundation.framework */; };
		047C110E179F196700CB066E /* CoreGraphics.framework in Frameworks */ = {isa = PBXBuildFile; fileRef = 047C110D179F196700CB066E /* CoreGraphics.framework */; };
		047C1114179F196700CB066E /* InfoPlist.strings in Resources */ = {isa = PBXBuildFile; fileRef = 047C1112179F196700CB066E /* InfoPlist.strings */; };
		047C1116179F196700CB066E /* main.m in Sources */ = {isa = PBXBuildFile; fileRef = 047C1115179F196700CB066E /* main.m */; };
		047C111A179F196700CB066E /* AppDelegate.m in Sources */ = {isa = PBXBuildFile; fileRef = 047C1119179F196700CB066E /* AppDelegate.m */; };
		047C111C179F196700CB066E /* Default.png in Resources */ = {isa = PBXBuildFile; fileRef = 047C111B179F196700CB066E /* Default.png */; };
		047C111E179F196700CB066E /* Default@2x.png in Resources */ = {isa = PBXBuildFile; fileRef = 047C111D179F196700CB066E /* Default@2x.png */; };
		047C1120179F196700CB066E /* Default-568h@2x.png in Resources */ = {isa = PBXBuildFile; fileRef = 047C111F179F196700CB066E /* Default-568h@2x.png */; };
		047C1123179F196700CB066E /* MainStoryboard.storyboard in Resources */ = {isa = PBXBuildFile; fileRef = 047C1121179F196700CB066E /* MainStoryboard.storyboard */; };
		047C1126179F196700CB066E /* ViewController.m in Sources */ = {isa = PBXBuildFile; fileRef = 047C1125179F196700CB066E /* ViewController.m */; };
		047C112E179F2C6100CB066E /* SecondViewController.m in Sources */ = {isa = PBXBuildFile; fileRef = 047C112D179F2C6100CB066E /* SecondViewController.m */; };
/* End PBXBuildFile section */

/* Begin PBXFileReference section */
		047C1106179F196700CB066E /* BlocksChallenge.app */ = {isa = PBXFileReference; explicitFileType = wrapper.application; includeInIndex = 0; path = BlocksChallenge.app; sourceTree = BUILT_PRODUCTS_DIR; };
		047C1109179F196700CB066E /* UIKit.framework */ = {isa = PBXFileReference; lastKnownFileType = wrapper.framework; name = UIKit.framework; path = System/Library/Frameworks/UIKit.framework; sourceTree = SDKROOT; };
		047C110B179F196700CB066E /* Foundation.framework */ = {isa = PBXFileReference; lastKnownFileType = wrapper.framework; name = Foundation.framework; path = System/Library/Frameworks/Foundation.framework; sourceTree = SDKROOT; };
		047C110D179F196700CB066E /* CoreGraphics.framework */ = {isa = PBXFileReference; lastKnownFileType = wrapper.framework; name = CoreGraphics.framework; path = System/Library/Frameworks/CoreGraphics.framework; sourceTree = SDKROOT; };
		047C1111179F196700CB066E /* BlocksChallenge-Info.plist */ = {isa = PBXFileReference; lastKnownFileType = text.plist.xml; path = "BlocksChallenge-Info.plist"; sourceTree = "<group>"; };
		047C1113179F196700CB066E /* en */ = {isa = PBXFileReference; lastKnownFileType = text.plist.strings; name = en; path = en.lproj/InfoPlist.strings; sourceTree = "<group>"; };
		047C1115179F196700CB066E /* main.m */ = {isa = PBXFileReference; lastKnownFileType = sourcecode.c.objc; path = main.m; sourceTree = "<group>"; };
		047C1117179F196700CB066E /* BlocksChallenge-Prefix.pch */ = {isa = PBXFileReference; lastKnownFileType = sourcecode.c.h; path = "BlocksChallenge-Prefix.pch"; sourceTree = "<group>"; };
		047C1118179F196700CB066E /* AppDelegate.h */ = {isa = PBXFileReference; lastKnownFileType = sourcecode.c.h; path = AppDelegate.h; sourceTree = "<group>"; };
		047C1119179F196700CB066E /* AppDelegate.m */ = {isa = PBXFileReference; lastKnownFileType = sourcecode.c.objc; path = AppDelegate.m; sourceTree = "<group>"; };
		047C111B179F196700CB066E /* Default.png */ = {isa = PBXFileReference; lastKnownFileType = image.png; path = Default.png; sourceTree = "<group>"; };
		047C111D179F196700CB066E /* Default@2x.png */ = {isa = PBXFileReference; lastKnownFileType = image.png; path = "Default@2x.png"; sourceTree = "<group>"; };
		047C111F179F196700CB066E /* Default-568h@2x.png */ = {isa = PBXFileReference; lastKnownFileType = image.png; path = "Default-568h@2x.png"; sourceTree = "<group>"; };
		047C1122179F196700CB066E /* en */ = {isa = PBXFileReference; lastKnownFileType = file.storyboard; name = en; path = en.lproj/MainStoryboard.storyboard; sourceTree = "<group>"; };
		047C1124179F196700CB066E /* ViewController.h */ = {isa = PBXFileReference; lastKnownFileType = sourcecode.c.h; path = ViewController.h; sourceTree = "<group>"; };
		047C1125179F196700CB066E /* ViewController.m */ = {isa = PBXFileReference; lastKnownFileType = sourcecode.c.objc; path = ViewController.m; sourceTree = "<group>"; };
		047C112C179F2C6100CB066E /* SecondViewController.h */ = {isa = PBXFileReference; fileEncoding = 4; lastKnownFileType = sourcecode.c.h; path = SecondViewController.h; sourceTree = "<group>"; };
		047C112D179F2C6100CB066E /* SecondViewController.m */ = {isa = PBXFileReference; fileEncoding = 4; lastKnownFileType = sourcecode.c.objc; path = SecondViewController.m; sourceTree = "<group>"; };
/* End PBXFileReference section */

/* Begin PBXFrameworksBuildPhase section */
		047C1103179F196700CB066E /* Frameworks */ = {
			isa = PBXFrameworksBuildPhase;
			buildActionMask = 2147483647;
			files = (
				047C110A179F196700CB066E /* UIKit.framework in Frameworks */,
				047C110C179F196700CB066E /* Foundation.framework in Frameworks */,
				047C110E179F196700CB066E /* CoreGraphics.framework in Frameworks */,
			);
			runOnlyForDeploymentPostprocessing = 0;
		};
/* End PBXFrameworksBuildPhase section */

/* Begin PBXGroup section */
		047C10FD179F196600CB066E = {
			isa = PBXGroup;
			children = (
				047C110F179F196700CB066E /* BlocksChallenge */,
				047C1108179F196700CB066E /* Frameworks */,
				047C1107179F196700CB066E /* Products */,
			);
			sourceTree = "<group>";
		};
		047C1107179F196700CB066E /* Products */ = {
			isa = PBXGroup;
			children = (
				047C1106179F196700CB066E /* BlocksChallenge.app */,
			);
			name = Products;
			sourceTree = "<group>";
		};
		047C1108179F196700CB066E /* Frameworks */ = {
			isa = PBXGroup;
			children = (
				047C1109179F196700CB066E /* UIKit.framework */,
				047C110B179F196700CB066E /* Foundation.framework */,
				047C110D179F196700CB066E /* CoreGraphics.framework */,
			);
			name = Frameworks;
			sourceTree = "<group>";
		};
		047C110F179F196700CB066E /* BlocksChallenge */ = {
			isa = PBXGroup;
			children = (
				047C1118179F196700CB066E /* AppDelegate.h */,
				047C1119179F196700CB066E /* AppDelegate.m */,
				047C1121179F196700CB066E /* MainStoryboard.storyboard */,
				047C112C179F2C6100CB066E /* SecondViewController.h */,
				047C112D179F2C6100CB066E /* SecondViewController.m */,
				047C1124179F196700CB066E /* ViewController.h */,
				047C1125179F196700CB066E /* ViewController.m */,
				047C1110179F196700CB066E /* Supporting Files */,
			);
			path = BlocksChallenge;
			sourceTree = "<group>";
		};
		047C1110179F196700CB066E /* Supporting Files */ = {
			isa = PBXGroup;
			children = (
				047C1111179F196700CB066E /* BlocksChallenge-Info.plist */,
				047C1112179F196700CB066E /* InfoPlist.strings */,
				047C1115179F196700CB066E /* main.m */,
				047C1117179F196700CB066E /* BlocksChallenge-Prefix.pch */,
				047C111B179F196700CB066E /* Default.png */,
				047C111D179F196700CB066E /* Default@2x.png */,
				047C111F179F196700CB066E /* Default-568h@2x.png */,
			);
			name = "Supporting Files";
			sourceTree = "<group>";
		};
/* End PBXGroup section */

/* Begin PBXNativeTarget section */
		047C1105179F196700CB066E /* BlocksChallenge */ = {
			isa = PBXNativeTarget;
			buildConfigurationList = 047C1129179F196700CB066E /* Build configuration list for PBXNativeTarget "BlocksChallenge" */;
			buildPhases = (
				047C1102179F196700CB066E /* Sources */,
				047C1103179F196700CB066E /* Frameworks */,
				047C1104179F196700CB066E /* Resources */,
			);
			buildRules = (
			);
			dependencies = (
			);
			name = BlocksChallenge;
			productName = BlocksChallenge;
			productReference = 047C1106179F196700CB066E /* BlocksChallenge.app */;
			productType = "com.apple.product-type.application";
		};
/* End PBXNativeTarget section */

/* Begin PBXProject section */
		047C10FE179F196700CB066E /* Project object */ = {
			isa = PBXProject;
			attributes = {
				LastUpgradeCheck = 0460;
				ORGANIZATIONNAME = "Matthew Kish";
			};
			buildConfigurationList = 047C1101179F196700CB066E /* Build configuration list for PBXProject "BlocksChallenge" */;
			compatibilityVersion = "Xcode 3.2";
			developmentRegion = English;
			hasScannedForEncodings = 0;
			knownRegions = (
				en,
			);
			mainGroup = 047C10FD179F196600CB066E;
			productRefGroup = 047C1107179F196700CB066E /* Products */;
			projectDirPath = "";
			projectRoot = "";
			targets = (
				047C1105179F196700CB066E /* BlocksChallenge */,
			);
		};
/* End PBXProject section */

/* Begin PBXResourcesBuildPhase section */
		047C1104179F196700CB066E /* Resources */ = {
			isa = PBXResourcesBuildPhase;
			buildActionMask = 2147483647;
			files = (
				047C1114179F196700CB066E /* InfoPlist.strings in Resources */,
				047C111C179F196700CB066E /* Default.png in Resources */,
				047C111E179F196700CB066E /* Default@2x.png in Resources */,
				047C1120179F196700CB066E /* Default-568h@2x.png in Resources */,
				047C1123179F196700CB066E /* MainStoryboard.storyboard in Resources */,
			);
			runOnlyForDeploymentPostprocessing = 0;
		};
/* End PBXResourcesBuildPhase section */

/* Begin PBXSourcesBuildPhase section */
		047C1102179F196700CB066E /* Sources */ = {
			isa = PBXSourcesBuildPhase;
			buildActionMask = 2147483647;
			files = (
				047C1116179F196700CB066E /* main.m in Sources */,
				047C111A179F196700CB066E /* AppDelegate.m in Sources */,
				047C1126179F196700CB066E /* ViewController.m in Sources */,
				047C112E179F2C6100CB066E /* SecondViewController.m in Sources */,
			);
			runOnlyForDeploymentPostprocessing = 0;
		};
/* End PBXSourcesBuildPhase section */

/* Begin PBXVariantGroup section */
		047C1112179F196700CB066E /* InfoPlist.strings */ = {
			isa = PBXVariantGroup;
			children = (
				047C1113179F196700CB066E /* en */,
			);
			name = InfoPlist.strings;
			sourceTree = "<group>";
		};
		047C1121179F196700CB066E /* MainStoryboard.storyboard */ = {
			isa = PBXVariantGroup;
			children = (
				047C1122179F196700CB066E /* en */,
			);
			name = MainStoryboard.storyboard;
			sourceTree = "<group>";
		};
/* End PBXVariantGroup section */

/* Begin XCBuildConfiguration section */
		047C1127179F196700CB066E /* Debug */ = {
			isa = XCBuildConfiguration;
			buildSettings = {
				ALWAYS_SEARCH_USER_PATHS = NO;
				CLANG_CXX_LANGUAGE_STANDARD = "gnu++0x";
				CLANG_CXX_LIBRARY = "libc++";
				CLANG_ENABLE_OBJC_ARC = YES;
				CLANG_WARN_CONSTANT_CONVERSION = YES;
				CLANG_WARN_EMPTY_BODY = YES;
				CLANG_WARN_ENUM_CONVERSION = YES;
				CLANG_WARN_INT_CONVERSION = YES;
				CLANG_WARN__DUPLICATE_METHOD_MATCH = YES;
				"CODE_SIGN_IDENTITY[sdk=iphoneos*]" = "iPhone Developer";
				COPY_PHASE_STRIP = NO;
				GCC_C_LANGUAGE_STANDARD = gnu99;
				GCC_DYNAMIC_NO_PIC = NO;
				GCC_OPTIMIZATION_LEVEL = 0;
				GCC_PREPROCESSOR_DEFINITIONS = (
					"DEBUG=1",
					"$(inherited)",
				);
				GCC_SYMBOLS_PRIVATE_EXTERN = NO;
				GCC_WARN_ABOUT_RETURN_TYPE = YES;
				GCC_WARN_UNINITIALIZED_AUTOS = YES;
				GCC_WARN_UNUSED_VARIABLE = YES;
				IPHONEOS_DEPLOYMENT_TARGET = 6.1;
				ONLY_ACTIVE_ARCH = YES;
				SDKROOT = iphoneos;
			};
			name = Debug;
		};
		047C1128179F196700CB066E /* Release */ = {
			isa = XCBuildConfiguration;
			buildSettings = {
				ALWAYS_SEARCH_USER_PATHS = NO;
				CLANG_CXX_LANGUAGE_STANDARD = "gnu++0x";
				CLANG_CXX_LIBRARY = "libc++";
				CLANG_ENABLE_OBJC_ARC = YES;
				CLANG_WARN_CONSTANT_CONVERSION = YES;
				CLANG_WARN_EMPTY_BODY = YES;
				CLANG_WARN_ENUM_CONVERSION = YES;
				CLANG_WARN_INT_CONVERSION = YES;
				CLANG_WARN__DUPLICATE_METHOD_MATCH = YES;
				"CODE_SIGN_IDENTITY[sdk=iphoneos*]" = "iPhone Developer";
				COPY_PHASE_STRIP = YES;
				GCC_C_LANGUAGE_STANDARD = gnu99;
				GCC_WARN_ABOUT_RETURN_TYPE = YES;
				GCC_WARN_UNINITIALIZED_AUTOS = YES;
				GCC_WARN_UNUSED_VARIABLE = YES;
				IPHONEOS_DEPLOYMENT_TARGET = 6.1;
				OTHER_CFLAGS = "-DNS_BLOCK_ASSERTIONS=1";
				SDKROOT = iphoneos;
				VALIDATE_PRODUCT = YES;
			};
			name = Release;
		};
		047C112A179F196700CB066E /* Debug */ = {
			isa = XCBuildConfiguration;
			buildSettings = {
				GCC_PRECOMPILE_PREFIX_HEADER = YES;
				GCC_PREFIX_HEADER = "BlocksChallenge/BlocksChallenge-Prefix.pch";
				INFOPLIST_FILE = "BlocksChallenge/BlocksChallenge-Info.plist";
				PRODUCT_NAME = "$(TARGET_NAME)";
				WRAPPER_EXTENSION = app;
			};
			name = Debug;
		};
		047C112B179F196700CB066E /* Release */ = {
			isa = XCBuildConfiguration;
			buildSettings = {
				GCC_PRECOMPILE_PREFIX_HEADER = YES;
				GCC_PREFIX_HEADER = "BlocksChallenge/BlocksChallenge-Prefix.pch";
				INFOPLIST_FILE = "BlocksChallenge/BlocksChallenge-Info.plist";
				PRODUCT_NAME = "$(TARGET_NAME)";
				WRAPPER_EXTENSION = app;
			};
			name = Release;
		};
/* End XCBuildConfiguration section */

/* Begin XCConfigurationList section */
		047C1101179F196700CB066E /* Build configuration list for PBXProject "BlocksChallenge" */ = {
			isa = XCConfigurationList;
			buildConfigurations = (
				047C1127179F196700CB066E /* Debug */,
				047C1128179F196700CB066E /* Release */,
			);
			defaultConfigurationIsVisible = 0;
			defaultConfigurationName = Release;
		};
		047C1129179F196700CB066E /* Build configuration list for PBXNativeTarget "BlocksChallenge" */ = {
			isa = XCConfigurationList;
			buildConfigurations = (
				047C112A179F196700CB066E /* Debug */,
				047C112B179F196700CB066E /* Release */,
			);
			defaultConfigurationIsVisible = 0;
		};
/* End XCConfigurationList section */
	};
	rootObject = 047C10FE179F196700CB066E /* Project object */;
}
