// !$*UTF8*$!
{
	archiveVersion = 1;
	classes = {
	};
	objectVersion = 46;
	objects = {

/* Begin PBXBuildFile section */
		044DD4CE1795FE1100E01BA0 /* UIKit.framework in Frameworks */ = {isa = PBXBuildFile; fileRef = 044DD4CD1795FE1100E01BA0 /* UIKit.framework */; };
		044DD4D01795FE1100E01BA0 /* Foundation.framework in Frameworks */ = {isa = PBXBuildFile; fileRef = 044DD4CF1795FE1100E01BA0 /* Foundation.framework */; };
		044DD4D21795FE1100E01BA0 /* CoreGraphics.framework in Frameworks */ = {isa = PBXBuildFile; fileRef = 044DD4D11795FE1100E01BA0 /* CoreGraphics.framework */; };
		044DD4D81795FE1100E01BA0 /* InfoPlist.strings in Resources */ = {isa = PBXBuildFile; fileRef = 044DD4D61795FE1100E01BA0 /* InfoPlist.strings */; };
		044DD4DA1795FE1100E01BA0 /* main.m in Sources */ = {isa = PBXBuildFile; fileRef = 044DD4D91795FE1100E01BA0 /* main.m */; };
		044DD4DE1795FE1100E01BA0 /* AppDelegate.m in Sources */ = {isa = PBXBuildFile; fileRef = 044DD4DD1795FE1100E01BA0 /* AppDelegate.m */; };
		044DD4E01795FE1100E01BA0 /* Default.png in Resources */ = {isa = PBXBuildFile; fileRef = 044DD4DF1795FE1100E01BA0 /* Default.png */; };
		044DD4E21795FE1100E01BA0 /* Default@2x.png in Resources */ = {isa = PBXBuildFile; fileRef = 044DD4E11795FE1100E01BA0 /* Default@2x.png */; };
		044DD4E41795FE1100E01BA0 /* Default-568h@2x.png in Resources */ = {isa = PBXBuildFile; fileRef = 044DD4E31795FE1100E01BA0 /* Default-568h@2x.png */; };
		044DD4E71795FE1100E01BA0 /* ViewController.m in Sources */ = {isa = PBXBuildFile; fileRef = 044DD4E61795FE1100E01BA0 /* ViewController.m */; };
		044DD4EA1795FE1100E01BA0 /* ViewController.xib in Resources */ = {isa = PBXBuildFile; fileRef = 044DD4E81795FE1100E01BA0 /* ViewController.xib */; };
/* End PBXBuildFile section */

/* Begin PBXFileReference section */
		044DD4CA1795FE1100E01BA0 /* MyFavoriteTableThings.app */ = {isa = PBXFileReference; explicitFileType = wrapper.application; includeInIndex = 0; path = MyFavoriteTableThings.app; sourceTree = BUILT_PRODUCTS_DIR; };
		044DD4CD1795FE1100E01BA0 /* UIKit.framework */ = {isa = PBXFileReference; lastKnownFileType = wrapper.framework; name = UIKit.framework; path = System/Library/Frameworks/UIKit.framework; sourceTree = SDKROOT; };
		044DD4CF1795FE1100E01BA0 /* Foundation.framework */ = {isa = PBXFileReference; lastKnownFileType = wrapper.framework; name = Foundation.framework; path = System/Library/Frameworks/Foundation.framework; sourceTree = SDKROOT; };
		044DD4D11795FE1100E01BA0 /* CoreGraphics.framework */ = {isa = PBXFileReference; lastKnownFileType = wrapper.framework; name = CoreGraphics.framework; path = System/Library/Frameworks/CoreGraphics.framework; sourceTree = SDKROOT; };
		044DD4D51795FE1100E01BA0 /* MyFavoriteTableThings-Info.plist */ = {isa = PBXFileReference; lastKnownFileType = text.plist.xml; path = "MyFavoriteTableThings-Info.plist"; sourceTree = "<group>"; };
		044DD4D71795FE1100E01BA0 /* en */ = {isa = PBXFileReference; lastKnownFileType = text.plist.strings; name = en; path = en.lproj/InfoPlist.strings; sourceTree = "<group>"; };
		044DD4D91795FE1100E01BA0 /* main.m */ = {isa = PBXFileReference; lastKnownFileType = sourcecode.c.objc; path = main.m; sourceTree = "<group>"; };
		044DD4DB1795FE1100E01BA0 /* MyFavoriteTableThings-Prefix.pch */ = {isa = PBXFileReference; lastKnownFileType = sourcecode.c.h; path = "MyFavoriteTableThings-Prefix.pch"; sourceTree = "<group>"; };
		044DD4DC1795FE1100E01BA0 /* AppDelegate.h */ = {isa = PBXFileReference; lastKnownFileType = sourcecode.c.h; path = AppDelegate.h; sourceTree = "<group>"; };
		044DD4DD1795FE1100E01BA0 /* AppDelegate.m */ = {isa = PBXFileReference; lastKnownFileType = sourcecode.c.objc; path = AppDelegate.m; sourceTree = "<group>"; };
		044DD4DF1795FE1100E01BA0 /* Default.png */ = {isa = PBXFileReference; lastKnownFileType = image.png; path = Default.png; sourceTree = "<group>"; };
		044DD4E11795FE1100E01BA0 /* Default@2x.png */ = {isa = PBXFileReference; lastKnownFileType = image.png; path = "Default@2x.png"; sourceTree = "<group>"; };
		044DD4E31795FE1100E01BA0 /* Default-568h@2x.png */ = {isa = PBXFileReference; lastKnownFileType = image.png; path = "Default-568h@2x.png"; sourceTree = "<group>"; };
		044DD4E51795FE1100E01BA0 /* ViewController.h */ = {isa = PBXFileReference; lastKnownFileType = sourcecode.c.h; path = ViewController.h; sourceTree = "<group>"; };
		044DD4E61795FE1100E01BA0 /* ViewController.m */ = {isa = PBXFileReference; lastKnownFileType = sourcecode.c.objc; path = ViewController.m; sourceTree = "<group>"; };
		044DD4E91795FE1100E01BA0 /* en */ = {isa = PBXFileReference; lastKnownFileType = file.xib; name = en; path = en.lproj/ViewController.xib; sourceTree = "<group>"; };
/* End PBXFileReference section */

/* Begin PBXFrameworksBuildPhase section */
		044DD4C71795FE1100E01BA0 /* Frameworks */ = {
			isa = PBXFrameworksBuildPhase;
			buildActionMask = 2147483647;
			files = (
				044DD4CE1795FE1100E01BA0 /* UIKit.framework in Frameworks */,
				044DD4D01795FE1100E01BA0 /* Foundation.framework in Frameworks */,
				044DD4D21795FE1100E01BA0 /* CoreGraphics.framework in Frameworks */,
			);
			runOnlyForDeploymentPostprocessing = 0;
		};
/* End PBXFrameworksBuildPhase section */

/* Begin PBXGroup section */
		044DD4C11795FE1100E01BA0 = {
			isa = PBXGroup;
			children = (
				044DD4D31795FE1100E01BA0 /* MyFavoriteTableThings */,
				044DD4CC1795FE1100E01BA0 /* Frameworks */,
				044DD4CB1795FE1100E01BA0 /* Products */,
			);
			sourceTree = "<group>";
		};
		044DD4CB1795FE1100E01BA0 /* Products */ = {
			isa = PBXGroup;
			children = (
				044DD4CA1795FE1100E01BA0 /* MyFavoriteTableThings.app */,
			);
			name = Products;
			sourceTree = "<group>";
		};
		044DD4CC1795FE1100E01BA0 /* Frameworks */ = {
			isa = PBXGroup;
			children = (
				044DD4CD1795FE1100E01BA0 /* UIKit.framework */,
				044DD4CF1795FE1100E01BA0 /* Foundation.framework */,
				044DD4D11795FE1100E01BA0 /* CoreGraphics.framework */,
			);
			name = Frameworks;
			sourceTree = "<group>";
		};
		044DD4D31795FE1100E01BA0 /* MyFavoriteTableThings */ = {
			isa = PBXGroup;
			children = (
				044DD4DC1795FE1100E01BA0 /* AppDelegate.h */,
				044DD4DD1795FE1100E01BA0 /* AppDelegate.m */,
				044DD4E51795FE1100E01BA0 /* ViewController.h */,
				044DD4E61795FE1100E01BA0 /* ViewController.m */,
				044DD4E81795FE1100E01BA0 /* ViewController.xib */,
				044DD4D41795FE1100E01BA0 /* Supporting Files */,
			);
			path = MyFavoriteTableThings;
			sourceTree = "<group>";
		};
		044DD4D41795FE1100E01BA0 /* Supporting Files */ = {
			isa = PBXGroup;
			children = (
				044DD4D51795FE1100E01BA0 /* MyFavoriteTableThings-Info.plist */,
				044DD4D61795FE1100E01BA0 /* InfoPlist.strings */,
				044DD4D91795FE1100E01BA0 /* main.m */,
				044DD4DB1795FE1100E01BA0 /* MyFavoriteTableThings-Prefix.pch */,
				044DD4DF1795FE1100E01BA0 /* Default.png */,
				044DD4E11795FE1100E01BA0 /* Default@2x.png */,
				044DD4E31795FE1100E01BA0 /* Default-568h@2x.png */,
			);
			name = "Supporting Files";
			sourceTree = "<group>";
		};
/* End PBXGroup section */

/* Begin PBXNativeTarget section */
		044DD4C91795FE1100E01BA0 /* MyFavoriteTableThings */ = {
			isa = PBXNativeTarget;
			buildConfigurationList = 044DD4ED1795FE1100E01BA0 /* Build configuration list for PBXNativeTarget "MyFavoriteTableThings" */;
			buildPhases = (
				044DD4C61795FE1100E01BA0 /* Sources */,
				044DD4C71795FE1100E01BA0 /* Frameworks */,
				044DD4C81795FE1100E01BA0 /* Resources */,
			);
			buildRules = (
			);
			dependencies = (
			);
			name = MyFavoriteTableThings;
			productName = MyFavoriteTableThings;
			productReference = 044DD4CA1795FE1100E01BA0 /* MyFavoriteTableThings.app */;
			productType = "com.apple.product-type.application";
		};
/* End PBXNativeTarget section */

/* Begin PBXProject section */
		044DD4C21795FE1100E01BA0 /* Project object */ = {
			isa = PBXProject;
			attributes = {
				LastUpgradeCheck = 0460;
				ORGANIZATIONNAME = "Matthew Kish";
			};
			buildConfigurationList = 044DD4C51795FE1100E01BA0 /* Build configuration list for PBXProject "MyFavoriteTableThings" */;
			compatibilityVersion = "Xcode 3.2";
			developmentRegion = English;
			hasScannedForEncodings = 0;
			knownRegions = (
				en,
			);
			mainGroup = 044DD4C11795FE1100E01BA0;
			productRefGroup = 044DD4CB1795FE1100E01BA0 /* Products */;
			projectDirPath = "";
			projectRoot = "";
			targets = (
				044DD4C91795FE1100E01BA0 /* MyFavoriteTableThings */,
			);
		};
/* End PBXProject section */

/* Begin PBXResourcesBuildPhase section */
		044DD4C81795FE1100E01BA0 /* Resources */ = {
			isa = PBXResourcesBuildPhase;
			buildActionMask = 2147483647;
			files = (
				044DD4D81795FE1100E01BA0 /* InfoPlist.strings in Resources */,
				044DD4E01795FE1100E01BA0 /* Default.png in Resources */,
				044DD4E21795FE1100E01BA0 /* Default@2x.png in Resources */,
				044DD4E41795FE1100E01BA0 /* Default-568h@2x.png in Resources */,
				044DD4EA1795FE1100E01BA0 /* ViewController.xib in Resources */,
			);
			runOnlyForDeploymentPostprocessing = 0;
		};
/* End PBXResourcesBuildPhase section */

/* Begin PBXSourcesBuildPhase section */
		044DD4C61795FE1100E01BA0 /* Sources */ = {
			isa = PBXSourcesBuildPhase;
			buildActionMask = 2147483647;
			files = (
				044DD4DA1795FE1100E01BA0 /* main.m in Sources */,
				044DD4DE1795FE1100E01BA0 /* AppDelegate.m in Sources */,
				044DD4E71795FE1100E01BA0 /* ViewController.m in Sources */,
			);
			runOnlyForDeploymentPostprocessing = 0;
		};
/* End PBXSourcesBuildPhase section */

/* Begin PBXVariantGroup section */
		044DD4D61795FE1100E01BA0 /* InfoPlist.strings */ = {
			isa = PBXVariantGroup;
			children = (
				044DD4D71795FE1100E01BA0 /* en */,
			);
			name = InfoPlist.strings;
			sourceTree = "<group>";
		};
		044DD4E81795FE1100E01BA0 /* ViewController.xib */ = {
			isa = PBXVariantGroup;
			children = (
				044DD4E91795FE1100E01BA0 /* en */,
			);
			name = ViewController.xib;
			sourceTree = "<group>";
		};
/* End PBXVariantGroup section */

/* Begin XCBuildConfiguration section */
		044DD4EB1795FE1100E01BA0 /* Debug */ = {
			isa = XCBuildConfiguration;
			buildSettings = {
				ALWAYS_SEARCH_USER_PATHS = NO;
				CLANG_CXX_LANGUAGE_STANDARD = "gnu++0x";
				CLANG_CXX_LIBRARY = "libc++";
				CLANG_ENABLE_OBJC_ARC = YES;
				CLANG_WARN_CONSTANT_CONVERSION = YES;
				CLANG_WARN_EMPTY_BODY = YES;
				CLANG_WARN_ENUM_CONVERSION = YES;
				CLANG_WARN_INT_CONVERSION = YES;
				CLANG_WARN__DUPLICATE_METHOD_MATCH = YES;
				"CODE_SIGN_IDENTITY[sdk=iphoneos*]" = "iPhone Developer";
				COPY_PHASE_STRIP = NO;
				GCC_C_LANGUAGE_STANDARD = gnu99;
				GCC_DYNAMIC_NO_PIC = NO;
				GCC_OPTIMIZATION_LEVEL = 0;
				GCC_PREPROCESSOR_DEFINITIONS = (
					"DEBUG=1",
					"$(inherited)",
				);
				GCC_SYMBOLS_PRIVATE_EXTERN = NO;
				GCC_WARN_ABOUT_RETURN_TYPE = YES;
				GCC_WARN_UNINITIALIZED_AUTOS = YES;
				GCC_WARN_UNUSED_VARIABLE = YES;
				IPHONEOS_DEPLOYMENT_TARGET = 6.1;
				ONLY_ACTIVE_ARCH = YES;
				SDKROOT = iphoneos;
			};
			name = Debug;
		};
		044DD4EC1795FE1100E01BA0 /* Release */ = {
			isa = XCBuildConfiguration;
			buildSettings = {
				ALWAYS_SEARCH_USER_PATHS = NO;
				CLANG_CXX_LANGUAGE_STANDARD = "gnu++0x";
				CLANG_CXX_LIBRARY = "libc++";
				CLANG_ENABLE_OBJC_ARC = YES;
				CLANG_WARN_CONSTANT_CONVERSION = YES;
				CLANG_WARN_EMPTY_BODY = YES;
				CLANG_WARN_ENUM_CONVERSION = YES;
				CLANG_WARN_INT_CONVERSION = YES;
				CLANG_WARN__DUPLICATE_METHOD_MATCH = YES;
				"CODE_SIGN_IDENTITY[sdk=iphoneos*]" = "iPhone Developer";
				COPY_PHASE_STRIP = YES;
				GCC_C_LANGUAGE_STANDARD = gnu99;
				GCC_WARN_ABOUT_RETURN_TYPE = YES;
				GCC_WARN_UNINITIALIZED_AUTOS = YES;
				GCC_WARN_UNUSED_VARIABLE = YES;
				IPHONEOS_DEPLOYMENT_TARGET = 6.1;
				OTHER_CFLAGS = "-DNS_BLOCK_ASSERTIONS=1";
				SDKROOT = iphoneos;
				VALIDATE_PRODUCT = YES;
			};
			name = Release;
		};
		044DD4EE1795FE1100E01BA0 /* Debug */ = {
			isa = XCBuildConfiguration;
			buildSettings = {
				GCC_PRECOMPILE_PREFIX_HEADER = YES;
				GCC_PREFIX_HEADER = "MyFavoriteTableThings/MyFavoriteTableThings-Prefix.pch";
				INFOPLIST_FILE = "MyFavoriteTableThings/MyFavoriteTableThings-Info.plist";
				PRODUCT_NAME = "$(TARGET_NAME)";
				WRAPPER_EXTENSION = app;
			};
			name = Debug;
		};
		044DD4EF1795FE1100E01BA0 /* Release */ = {
			isa = XCBuildConfiguration;
			buildSettings = {
				GCC_PRECOMPILE_PREFIX_HEADER = YES;
				GCC_PREFIX_HEADER = "MyFavoriteTableThings/MyFavoriteTableThings-Prefix.pch";
				INFOPLIST_FILE = "MyFavoriteTableThings/MyFavoriteTableThings-Info.plist";
				PRODUCT_NAME = "$(TARGET_NAME)";
				WRAPPER_EXTENSION = app;
			};
			name = Release;
		};
/* End XCBuildConfiguration section */

/* Begin XCConfigurationList section */
		044DD4C51795FE1100E01BA0 /* Build configuration list for PBXProject "MyFavoriteTableThings" */ = {
			isa = XCConfigurationList;
			buildConfigurations = (
				044DD4EB1795FE1100E01BA0 /* Debug */,
				044DD4EC1795FE1100E01BA0 /* Release */,
			);
			defaultConfigurationIsVisible = 0;
			defaultConfigurationName = Release;
		};
		044DD4ED1795FE1100E01BA0 /* Build configuration list for PBXNativeTarget "MyFavoriteTableThings" */ = {
			isa = XCConfigurationList;
			buildConfigurations = (
				044DD4EE1795FE1100E01BA0 /* Debug */,
				044DD4EF1795FE1100E01BA0 /* Release */,
			);
			defaultConfigurationIsVisible = 0;
		};
/* End XCConfigurationList section */
	};
	rootObject = 044DD4C21795FE1100E01BA0 /* Project object */;
}
