// !$*UTF8*$!
{
	archiveVersion = 1;
	classes = {
	};
	objectVersion = 46;
	objects = {

/* Begin PBXBuildFile section */
		046D400017A9777200DCDF76 /* UIKit.framework in Frameworks */ = {isa = PBXBuildFile; fileRef = 046D3FFF17A9777200DCDF76 /* UIKit.framework */; };
		046D400217A9777200DCDF76 /* Foundation.framework in Frameworks */ = {isa = PBXBuildFile; fileRef = 046D400117A9777200DCDF76 /* Foundation.framework */; };
		046D400417A9777200DCDF76 /* CoreGraphics.framework in Frameworks */ = {isa = PBXBuildFile; fileRef = 046D400317A9777200DCDF76 /* CoreGraphics.framework */; };
		046D400A17A9777200DCDF76 /* InfoPlist.strings in Resources */ = {isa = PBXBuildFile; fileRef = 046D400817A9777200DCDF76 /* InfoPlist.strings */; };
		046D400C17A9777200DCDF76 /* main.m in Sources */ = {isa = PBXBuildFile; fileRef = 046D400B17A9777200DCDF76 /* main.m */; };
		046D401017A9777200DCDF76 /* AppDelegate.m in Sources */ = {isa = PBXBuildFile; fileRef = 046D400F17A9777200DCDF76 /* AppDelegate.m */; };
		046D401217A9777200DCDF76 /* Default.png in Resources */ = {isa = PBXBuildFile; fileRef = 046D401117A9777200DCDF76 /* Default.png */; };
		046D401417A9777200DCDF76 /* Default@2x.png in Resources */ = {isa = PBXBuildFile; fileRef = 046D401317A9777200DCDF76 /* Default@2x.png */; };
		046D401617A9777200DCDF76 /* Default-568h@2x.png in Resources */ = {isa = PBXBuildFile; fileRef = 046D401517A9777200DCDF76 /* Default-568h@2x.png */; };
		046D401917A9777200DCDF76 /* MainStoryboard.storyboard in Resources */ = {isa = PBXBuildFile; fileRef = 046D401717A9777200DCDF76 /* MainStoryboard.storyboard */; };
		046D401C17A9777200DCDF76 /* ViewController.m in Sources */ = {isa = PBXBuildFile; fileRef = 046D401B17A9777200DCDF76 /* ViewController.m */; };
		046D402417A97F1800DCDF76 /* NSString+MMExtensions.m in Sources */ = {isa = PBXBuildFile; fileRef = 046D402317A97F1800DCDF76 /* NSString+MMExtensions.m */; };
/* End PBXBuildFile section */

/* Begin PBXFileReference section */
		046D3FFC17A9777200DCDF76 /* Categories.app */ = {isa = PBXFileReference; explicitFileType = wrapper.application; includeInIndex = 0; path = Categories.app; sourceTree = BUILT_PRODUCTS_DIR; };
		046D3FFF17A9777200DCDF76 /* UIKit.framework */ = {isa = PBXFileReference; lastKnownFileType = wrapper.framework; name = UIKit.framework; path = System/Library/Frameworks/UIKit.framework; sourceTree = SDKROOT; };
		046D400117A9777200DCDF76 /* Foundation.framework */ = {isa = PBXFileReference; lastKnownFileType = wrapper.framework; name = Foundation.framework; path = System/Library/Frameworks/Foundation.framework; sourceTree = SDKROOT; };
		046D400317A9777200DCDF76 /* CoreGraphics.framework */ = {isa = PBXFileReference; lastKnownFileType = wrapper.framework; name = CoreGraphics.framework; path = System/Library/Frameworks/CoreGraphics.framework; sourceTree = SDKROOT; };
		046D400717A9777200DCDF76 /* Categories-Info.plist */ = {isa = PBXFileReference; lastKnownFileType = text.plist.xml; path = "Categories-Info.plist"; sourceTree = "<group>"; };
		046D400917A9777200DCDF76 /* en */ = {isa = PBXFileReference; lastKnownFileType = text.plist.strings; name = en; path = en.lproj/InfoPlist.strings; sourceTree = "<group>"; };
		046D400B17A9777200DCDF76 /* main.m */ = {isa = PBXFileReference; lastKnownFileType = sourcecode.c.objc; path = main.m; sourceTree = "<group>"; };
		046D400D17A9777200DCDF76 /* Categories-Prefix.pch */ = {isa = PBXFileReference; lastKnownFileType = sourcecode.c.h; path = "Categories-Prefix.pch"; sourceTree = "<group>"; };
		046D400E17A9777200DCDF76 /* AppDelegate.h */ = {isa = PBXFileReference; lastKnownFileType = sourcecode.c.h; path = AppDelegate.h; sourceTree = "<group>"; };
		046D400F17A9777200DCDF76 /* AppDelegate.m */ = {isa = PBXFileReference; lastKnownFileType = sourcecode.c.objc; path = AppDelegate.m; sourceTree = "<group>"; };
		046D401117A9777200DCDF76 /* Default.png */ = {isa = PBXFileReference; lastKnownFileType = image.png; path = Default.png; sourceTree = "<group>"; };
		046D401317A9777200DCDF76 /* Default@2x.png */ = {isa = PBXFileReference; lastKnownFileType = image.png; path = "Default@2x.png"; sourceTree = "<group>"; };
		046D401517A9777200DCDF76 /* Default-568h@2x.png */ = {isa = PBXFileReference; lastKnownFileType = image.png; path = "Default-568h@2x.png"; sourceTree = "<group>"; };
		046D401817A9777200DCDF76 /* en */ = {isa = PBXFileReference; lastKnownFileType = file.storyboard; name = en; path = en.lproj/MainStoryboard.storyboard; sourceTree = "<group>"; };
		046D401A17A9777200DCDF76 /* ViewController.h */ = {isa = PBXFileReference; lastKnownFileType = sourcecode.c.h; path = ViewController.h; sourceTree = "<group>"; };
		046D401B17A9777200DCDF76 /* ViewController.m */ = {isa = PBXFileReference; lastKnownFileType = sourcecode.c.objc; path = ViewController.m; sourceTree = "<group>"; };
		046D402217A97F1800DCDF76 /* NSString+MMExtensions.h */ = {isa = PBXFileReference; fileEncoding = 4; lastKnownFileType = sourcecode.c.h; path = "NSString+MMExtensions.h"; sourceTree = "<group>"; };
		046D402317A97F1800DCDF76 /* NSString+MMExtensions.m */ = {isa = PBXFileReference; fileEncoding = 4; lastKnownFileType = sourcecode.c.objc; path = "NSString+MMExtensions.m"; sourceTree = "<group>"; };
/* End PBXFileReference section */

/* Begin PBXFrameworksBuildPhase section */
		046D3FF917A9777200DCDF76 /* Frameworks */ = {
			isa = PBXFrameworksBuildPhase;
			buildActionMask = 2147483647;
			files = (
				046D400017A9777200DCDF76 /* UIKit.framework in Frameworks */,
				046D400217A9777200DCDF76 /* Foundation.framework in Frameworks */,
				046D400417A9777200DCDF76 /* CoreGraphics.framework in Frameworks */,
			);
			runOnlyForDeploymentPostprocessing = 0;
		};
/* End PBXFrameworksBuildPhase section */

/* Begin PBXGroup section */
		046D3FF317A9777200DCDF76 = {
			isa = PBXGroup;
			children = (
				046D400517A9777200DCDF76 /* Categories */,
				046D3FFE17A9777200DCDF76 /* Frameworks */,
				046D3FFD17A9777200DCDF76 /* Products */,
			);
			sourceTree = "<group>";
		};
		046D3FFD17A9777200DCDF76 /* Products */ = {
			isa = PBXGroup;
			children = (
				046D3FFC17A9777200DCDF76 /* Categories.app */,
			);
			name = Products;
			sourceTree = "<group>";
		};
		046D3FFE17A9777200DCDF76 /* Frameworks */ = {
			isa = PBXGroup;
			children = (
				046D3FFF17A9777200DCDF76 /* UIKit.framework */,
				046D400117A9777200DCDF76 /* Foundation.framework */,
				046D400317A9777200DCDF76 /* CoreGraphics.framework */,
			);
			name = Frameworks;
			sourceTree = "<group>";
		};
		046D400517A9777200DCDF76 /* Categories */ = {
			isa = PBXGroup;
			children = (
				046D400E17A9777200DCDF76 /* AppDelegate.h */,
				046D400F17A9777200DCDF76 /* AppDelegate.m */,
				046D401717A9777200DCDF76 /* MainStoryboard.storyboard */,
				046D401A17A9777200DCDF76 /* ViewController.h */,
				046D401B17A9777200DCDF76 /* ViewController.m */,
				046D402217A97F1800DCDF76 /* NSString+MMExtensions.h */,
				046D402317A97F1800DCDF76 /* NSString+MMExtensions.m */,
				046D400617A9777200DCDF76 /* Supporting Files */,
			);
			path = Categories;
			sourceTree = "<group>";
		};
		046D400617A9777200DCDF76 /* Supporting Files */ = {
			isa = PBXGroup;
			children = (
				046D400717A9777200DCDF76 /* Categories-Info.plist */,
				046D400817A9777200DCDF76 /* InfoPlist.strings */,
				046D400B17A9777200DCDF76 /* main.m */,
				046D400D17A9777200DCDF76 /* Categories-Prefix.pch */,
				046D401117A9777200DCDF76 /* Default.png */,
				046D401317A9777200DCDF76 /* Default@2x.png */,
				046D401517A9777200DCDF76 /* Default-568h@2x.png */,
			);
			name = "Supporting Files";
			sourceTree = "<group>";
		};
/* End PBXGroup section */

/* Begin PBXNativeTarget section */
		046D3FFB17A9777200DCDF76 /* Categories */ = {
			isa = PBXNativeTarget;
			buildConfigurationList = 046D401F17A9777200DCDF76 /* Build configuration list for PBXNativeTarget "Categories" */;
			buildPhases = (
				046D3FF817A9777200DCDF76 /* Sources */,
				046D3FF917A9777200DCDF76 /* Frameworks */,
				046D3FFA17A9777200DCDF76 /* Resources */,
			);
			buildRules = (
			);
			dependencies = (
			);
			name = Categories;
			productName = Categories;
			productReference = 046D3FFC17A9777200DCDF76 /* Categories.app */;
			productType = "com.apple.product-type.application";
		};
/* End PBXNativeTarget section */

/* Begin PBXProject section */
		046D3FF417A9777200DCDF76 /* Project object */ = {
			isa = PBXProject;
			attributes = {
				LastUpgradeCheck = 0460;
				ORGANIZATIONNAME = "Matthew Kish";
			};
			buildConfigurationList = 046D3FF717A9777200DCDF76 /* Build configuration list for PBXProject "Categories" */;
			compatibilityVersion = "Xcode 3.2";
			developmentRegion = English;
			hasScannedForEncodings = 0;
			knownRegions = (
				en,
			);
			mainGroup = 046D3FF317A9777200DCDF76;
			productRefGroup = 046D3FFD17A9777200DCDF76 /* Products */;
			projectDirPath = "";
			projectRoot = "";
			targets = (
				046D3FFB17A9777200DCDF76 /* Categories */,
			);
		};
/* End PBXProject section */

/* Begin PBXResourcesBuildPhase section */
		046D3FFA17A9777200DCDF76 /* Resources */ = {
			isa = PBXResourcesBuildPhase;
			buildActionMask = 2147483647;
			files = (
				046D400A17A9777200DCDF76 /* InfoPlist.strings in Resources */,
				046D401217A9777200DCDF76 /* Default.png in Resources */,
				046D401417A9777200DCDF76 /* Default@2x.png in Resources */,
				046D401617A9777200DCDF76 /* Default-568h@2x.png in Resources */,
				046D401917A9777200DCDF76 /* MainStoryboard.storyboard in Resources */,
			);
			runOnlyForDeploymentPostprocessing = 0;
		};
/* End PBXResourcesBuildPhase section */

/* Begin PBXSourcesBuildPhase section */
		046D3FF817A9777200DCDF76 /* Sources */ = {
			isa = PBXSourcesBuildPhase;
			buildActionMask = 2147483647;
			files = (
				046D400C17A9777200DCDF76 /* main.m in Sources */,
				046D401017A9777200DCDF76 /* AppDelegate.m in Sources */,
				046D401C17A9777200DCDF76 /* ViewController.m in Sources */,
				046D402417A97F1800DCDF76 /* NSString+MMExtensions.m in Sources */,
			);
			runOnlyForDeploymentPostprocessing = 0;
		};
/* End PBXSourcesBuildPhase section */

/* Begin PBXVariantGroup section */
		046D400817A9777200DCDF76 /* InfoPlist.strings */ = {
			isa = PBXVariantGroup;
			children = (
				046D400917A9777200DCDF76 /* en */,
			);
			name = InfoPlist.strings;
			sourceTree = "<group>";
		};
		046D401717A9777200DCDF76 /* MainStoryboard.storyboard */ = {
			isa = PBXVariantGroup;
			children = (
				046D401817A9777200DCDF76 /* en */,
			);
			name = MainStoryboard.storyboard;
			sourceTree = "<group>";
		};
/* End PBXVariantGroup section */

/* Begin XCBuildConfiguration section */
		046D401D17A9777200DCDF76 /* Debug */ = {
			isa = XCBuildConfiguration;
			buildSettings = {
				ALWAYS_SEARCH_USER_PATHS = NO;
				CLANG_CXX_LANGUAGE_STANDARD = "gnu++0x";
				CLANG_CXX_LIBRARY = "libc++";
				CLANG_ENABLE_OBJC_ARC = YES;
				CLANG_WARN_CONSTANT_CONVERSION = YES;
				CLANG_WARN_EMPTY_BODY = YES;
				CLANG_WARN_ENUM_CONVERSION = YES;
				CLANG_WARN_INT_CONVERSION = YES;
				CLANG_WARN__DUPLICATE_METHOD_MATCH = YES;
				"CODE_SIGN_IDENTITY[sdk=iphoneos*]" = "iPhone Developer";
				COPY_PHASE_STRIP = NO;
				GCC_C_LANGUAGE_STANDARD = gnu99;
				GCC_DYNAMIC_NO_PIC = NO;
				GCC_OPTIMIZATION_LEVEL = 0;
				GCC_PREPROCESSOR_DEFINITIONS = (
					"DEBUG=1",
					"$(inherited)",
				);
				GCC_SYMBOLS_PRIVATE_EXTERN = NO;
				GCC_WARN_ABOUT_RETURN_TYPE = YES;
				GCC_WARN_UNINITIALIZED_AUTOS = YES;
				GCC_WARN_UNUSED_VARIABLE = YES;
				IPHONEOS_DEPLOYMENT_TARGET = 6.1;
				ONLY_ACTIVE_ARCH = YES;
				SDKROOT = iphoneos;
			};
			name = Debug;
		};
		046D401E17A9777200DCDF76 /* Release */ = {
			isa = XCBuildConfiguration;
			buildSettings = {
				ALWAYS_SEARCH_USER_PATHS = NO;
				CLANG_CXX_LANGUAGE_STANDARD = "gnu++0x";
				CLANG_CXX_LIBRARY = "libc++";
				CLANG_ENABLE_OBJC_ARC = YES;
				CLANG_WARN_CONSTANT_CONVERSION = YES;
				CLANG_WARN_EMPTY_BODY = YES;
				CLANG_WARN_ENUM_CONVERSION = YES;
				CLANG_WARN_INT_CONVERSION = YES;
				CLANG_WARN__DUPLICATE_METHOD_MATCH = YES;
				"CODE_SIGN_IDENTITY[sdk=iphoneos*]" = "iPhone Developer";
				COPY_PHASE_STRIP = YES;
				GCC_C_LANGUAGE_STANDARD = gnu99;
				GCC_WARN_ABOUT_RETURN_TYPE = YES;
				GCC_WARN_UNINITIALIZED_AUTOS = YES;
				GCC_WARN_UNUSED_VARIABLE = YES;
				IPHONEOS_DEPLOYMENT_TARGET = 6.1;
				OTHER_CFLAGS = "-DNS_BLOCK_ASSERTIONS=1";
				SDKROOT = iphoneos;
				VALIDATE_PRODUCT = YES;
			};
			name = Release;
		};
		046D402017A9777200DCDF76 /* Debug */ = {
			isa = XCBuildConfiguration;
			buildSettings = {
				GCC_PRECOMPILE_PREFIX_HEADER = YES;
				GCC_PREFIX_HEADER = "Categories/Categories-Prefix.pch";
				INFOPLIST_FILE = "Categories/Categories-Info.plist";
				PRODUCT_NAME = "$(TARGET_NAME)";
				WRAPPER_EXTENSION = app;
			};
			name = Debug;
		};
		046D402117A9777200DCDF76 /* Release */ = {
			isa = XCBuildConfiguration;
			buildSettings = {
				GCC_PRECOMPILE_PREFIX_HEADER = YES;
				GCC_PREFIX_HEADER = "Categories/Categories-Prefix.pch";
				INFOPLIST_FILE = "Categories/Categories-Info.plist";
				PRODUCT_NAME = "$(TARGET_NAME)";
				WRAPPER_EXTENSION = app;
			};
			name = Release;
		};
/* End XCBuildConfiguration section */

/* Begin XCConfigurationList section */
		046D3FF717A9777200DCDF76 /* Build configuration list for PBXProject "Categories" */ = {
			isa = XCConfigurationList;
			buildConfigurations = (
				046D401D17A9777200DCDF76 /* Debug */,
				046D401E17A9777200DCDF76 /* Release */,
			);
			defaultConfigurationIsVisible = 0;
			defaultConfigurationName = Release;
		};
		046D401F17A9777200DCDF76 /* Build configuration list for PBXNativeTarget "Categories" */ = {
			isa = XCConfigurationList;
			buildConfigurations = (
				046D402017A9777200DCDF76 /* Debug */,
				046D402117A9777200DCDF76 /* Release */,
			);
			defaultConfigurationIsVisible = 0;
		};
/* End XCConfigurationList section */
	};
	rootObject = 046D3FF417A9777200DCDF76 /* Project object */;
}
