// !$*UTF8*$!
{
	archiveVersion = 1;
	classes = {
	};
	objectVersion = 46;
	objects = {

/* Begin PBXBuildFile section */
		04A8FA2E17A826F400AF8705 /* UIKit.framework in Frameworks */ = {isa = PBXBuildFile; fileRef = 04A8FA2D17A826F400AF8705 /* UIKit.framework */; };
		04A8FA3017A826F400AF8705 /* Foundation.framework in Frameworks */ = {isa = PBXBuildFile; fileRef = 04A8FA2F17A826F400AF8705 /* Foundation.framework */; };
		04A8FA3217A826F400AF8705 /* CoreGraphics.framework in Frameworks */ = {isa = PBXBuildFile; fileRef = 04A8FA3117A826F400AF8705 /* CoreGraphics.framework */; };
		04A8FA3817A826F400AF8705 /* InfoPlist.strings in Resources */ = {isa = PBXBuildFile; fileRef = 04A8FA3617A826F400AF8705 /* InfoPlist.strings */; };
		04A8FA3A17A826F400AF8705 /* main.m in Sources */ = {isa = PBXBuildFile; fileRef = 04A8FA3917A826F400AF8705 /* main.m */; };
		04A8FA3E17A826F400AF8705 /* AppDelegate.m in Sources */ = {isa = PBXBuildFile; fileRef = 04A8FA3D17A826F400AF8705 /* AppDelegate.m */; };
		04A8FA4017A826F400AF8705 /* Default.png in Resources */ = {isa = PBXBuildFile; fileRef = 04A8FA3F17A826F400AF8705 /* Default.png */; };
		04A8FA4217A826F400AF8705 /* Default@2x.png in Resources */ = {isa = PBXBuildFile; fileRef = 04A8FA4117A826F400AF8705 /* Default@2x.png */; };
		04A8FA4417A826F400AF8705 /* Default-568h@2x.png in Resources */ = {isa = PBXBuildFile; fileRef = 04A8FA4317A826F400AF8705 /* Default-568h@2x.png */; };
		04A8FA4717A826F400AF8705 /* MainStoryboard.storyboard in Resources */ = {isa = PBXBuildFile; fileRef = 04A8FA4517A826F400AF8705 /* MainStoryboard.storyboard */; };
		04A8FA4A17A826F400AF8705 /* ViewController.m in Sources */ = {isa = PBXBuildFile; fileRef = 04A8FA4917A826F400AF8705 /* ViewController.m */; };
		04A8FA5117A82BFA00AF8705 /* MapKit.framework in Frameworks */ = {isa = PBXBuildFile; fileRef = 04A8FA5017A82BFA00AF8705 /* MapKit.framework */; };
		04A8FA5317A82C0500AF8705 /* CoreLocation.framework in Frameworks */ = {isa = PBXBuildFile; fileRef = 04A8FA5217A82C0500AF8705 /* CoreLocation.framework */; };
		04A8FA5617A84AE500AF8705 /* StopsAnnotation.m in Sources */ = {isa = PBXBuildFile; fileRef = 04A8FA5517A84AE500AF8705 /* StopsAnnotation.m */; };
		04A8FA5917A851DC00AF8705 /* StopsAnnotationView.m in Sources */ = {isa = PBXBuildFile; fileRef = 04A8FA5817A851DC00AF8705 /* StopsAnnotationView.m */; };
/* End PBXBuildFile section */

/* Begin PBXFileReference section */
		04A8FA2A17A826F400AF8705 /* MappingMappingMapping.app */ = {isa = PBXFileReference; explicitFileType = wrapper.application; includeInIndex = 0; path = MappingMappingMapping.app; sourceTree = BUILT_PRODUCTS_DIR; };
		04A8FA2D17A826F400AF8705 /* UIKit.framework */ = {isa = PBXFileReference; lastKnownFileType = wrapper.framework; name = UIKit.framework; path = System/Library/Frameworks/UIKit.framework; sourceTree = SDKROOT; };
		04A8FA2F17A826F400AF8705 /* Foundation.framework */ = {isa = PBXFileReference; lastKnownFileType = wrapper.framework; name = Foundation.framework; path = System/Library/Frameworks/Foundation.framework; sourceTree = SDKROOT; };
		04A8FA3117A826F400AF8705 /* CoreGraphics.framework */ = {isa = PBXFileReference; lastKnownFileType = wrapper.framework; name = CoreGraphics.framework; path = System/Library/Frameworks/CoreGraphics.framework; sourceTree = SDKROOT; };
		04A8FA3517A826F400AF8705 /* MappingMappingMapping-Info.plist */ = {isa = PBXFileReference; lastKnownFileType = text.plist.xml; path = "MappingMappingMapping-Info.plist"; sourceTree = "<group>"; };
		04A8FA3717A826F400AF8705 /* en */ = {isa = PBXFileReference; lastKnownFileType = text.plist.strings; name = en; path = en.lproj/InfoPlist.strings; sourceTree = "<group>"; };
		04A8FA3917A826F400AF8705 /* main.m */ = {isa = PBXFileReference; lastKnownFileType = sourcecode.c.objc; path = main.m; sourceTree = "<group>"; };
		04A8FA3B17A826F400AF8705 /* MappingMappingMapping-Prefix.pch */ = {isa = PBXFileReference; lastKnownFileType = sourcecode.c.h; path = "MappingMappingMapping-Prefix.pch"; sourceTree = "<group>"; };
		04A8FA3C17A826F400AF8705 /* AppDelegate.h */ = {isa = PBXFileReference; lastKnownFileType = sourcecode.c.h; path = AppDelegate.h; sourceTree = "<group>"; };
		04A8FA3D17A826F400AF8705 /* AppDelegate.m */ = {isa = PBXFileReference; lastKnownFileType = sourcecode.c.objc; path = AppDelegate.m; sourceTree = "<group>"; };
		04A8FA3F17A826F400AF8705 /* Default.png */ = {isa = PBXFileReference; lastKnownFileType = image.png; path = Default.png; sourceTree = "<group>"; };
		04A8FA4117A826F400AF8705 /* Default@2x.png */ = {isa = PBXFileReference; lastKnownFileType = image.png; path = "Default@2x.png"; sourceTree = "<group>"; };
		04A8FA4317A826F400AF8705 /* Default-568h@2x.png */ = {isa = PBXFileReference; lastKnownFileType = image.png; path = "Default-568h@2x.png"; sourceTree = "<group>"; };
		04A8FA4617A826F400AF8705 /* en */ = {isa = PBXFileReference; lastKnownFileType = file.storyboard; name = en; path = en.lproj/MainStoryboard.storyboard; sourceTree = "<group>"; };
		04A8FA4817A826F400AF8705 /* ViewController.h */ = {isa = PBXFileReference; lastKnownFileType = sourcecode.c.h; path = ViewController.h; sourceTree = "<group>"; };
		04A8FA4917A826F400AF8705 /* ViewController.m */ = {isa = PBXFileReference; lastKnownFileType = sourcecode.c.objc; path = ViewController.m; sourceTree = "<group>"; };
		04A8FA5017A82BFA00AF8705 /* MapKit.framework */ = {isa = PBXFileReference; lastKnownFileType = wrapper.framework; name = MapKit.framework; path = System/Library/Frameworks/MapKit.framework; sourceTree = SDKROOT; };
		04A8FA5217A82C0500AF8705 /* CoreLocation.framework */ = {isa = PBXFileReference; lastKnownFileType = wrapper.framework; name = CoreLocation.framework; path = System/Library/Frameworks/CoreLocation.framework; sourceTree = SDKROOT; };
		04A8FA5417A84AE500AF8705 /* StopsAnnotation.h */ = {isa = PBXFileReference; fileEncoding = 4; lastKnownFileType = sourcecode.c.h; path = StopsAnnotation.h; sourceTree = "<group>"; };
		04A8FA5517A84AE500AF8705 /* StopsAnnotation.m */ = {isa = PBXFileReference; fileEncoding = 4; lastKnownFileType = sourcecode.c.objc; path = StopsAnnotation.m; sourceTree = "<group>"; };
		04A8FA5717A851DC00AF8705 /* StopsAnnotationView.h */ = {isa = PBXFileReference; fileEncoding = 4; lastKnownFileType = sourcecode.c.h; path = StopsAnnotationView.h; sourceTree = "<group>"; };
		04A8FA5817A851DC00AF8705 /* StopsAnnotationView.m */ = {isa = PBXFileReference; fileEncoding = 4; lastKnownFileType = sourcecode.c.objc; path = StopsAnnotationView.m; sourceTree = "<group>"; };
/* End PBXFileReference section */

/* Begin PBXFrameworksBuildPhase section */
		04A8FA2717A826F400AF8705 /* Frameworks */ = {
			isa = PBXFrameworksBuildPhase;
			buildActionMask = 2147483647;
			files = (
				04A8FA5317A82C0500AF8705 /* CoreLocation.framework in Frameworks */,
				04A8FA5117A82BFA00AF8705 /* MapKit.framework in Frameworks */,
				04A8FA2E17A826F400AF8705 /* UIKit.framework in Frameworks */,
				04A8FA3017A826F400AF8705 /* Foundation.framework in Frameworks */,
				04A8FA3217A826F400AF8705 /* CoreGraphics.framework in Frameworks */,
			);
			runOnlyForDeploymentPostprocessing = 0;
		};
/* End PBXFrameworksBuildPhase section */

/* Begin PBXGroup section */
		04A8FA2117A826F400AF8705 = {
			isa = PBXGroup;
			children = (
				04A8FA3317A826F400AF8705 /* MappingMapping */,
				04A8FA2C17A826F400AF8705 /* Frameworks */,
				04A8FA2B17A826F400AF8705 /* Products */,
			);
			sourceTree = "<group>";
		};
		04A8FA2B17A826F400AF8705 /* Products */ = {
			isa = PBXGroup;
			children = (
				04A8FA2A17A826F400AF8705 /* MappingMappingMapping.app */,
			);
			name = Products;
			sourceTree = "<group>";
		};
		04A8FA2C17A826F400AF8705 /* Frameworks */ = {
			isa = PBXGroup;
			children = (
				04A8FA5017A82BFA00AF8705 /* MapKit.framework */,
				04A8FA5217A82C0500AF8705 /* CoreLocation.framework */,
				04A8FA2D17A826F400AF8705 /* UIKit.framework */,
				04A8FA2F17A826F400AF8705 /* Foundation.framework */,
				04A8FA3117A826F400AF8705 /* CoreGraphics.framework */,
			);
			name = Frameworks;
			sourceTree = "<group>";
		};
		04A8FA3317A826F400AF8705 /* MappingMapping */ = {
			isa = PBXGroup;
			children = (
				04A8FA3C17A826F400AF8705 /* AppDelegate.h */,
				04A8FA3D17A826F400AF8705 /* AppDelegate.m */,
				04A8FA4517A826F400AF8705 /* MainStoryboard.storyboard */,
				04A8FA4817A826F400AF8705 /* ViewController.h */,
				04A8FA4917A826F400AF8705 /* ViewController.m */,
				04A8FA5417A84AE500AF8705 /* StopsAnnotation.h */,
				04A8FA5517A84AE500AF8705 /* StopsAnnotation.m */,
				04A8FA5717A851DC00AF8705 /* StopsAnnotationView.h */,
				04A8FA5817A851DC00AF8705 /* StopsAnnotationView.m */,
				04A8FA3417A826F400AF8705 /* Supporting Files */,
			);
			path = MappingMapping;
			sourceTree = "<group>";
		};
		04A8FA3417A826F400AF8705 /* Supporting Files */ = {
			isa = PBXGroup;
			children = (
				04A8FA3517A826F400AF8705 /* MappingMappingMapping-Info.plist */,
				04A8FA3617A826F400AF8705 /* InfoPlist.strings */,
				04A8FA3917A826F400AF8705 /* main.m */,
				04A8FA3B17A826F400AF8705 /* MappingMappingMapping-Prefix.pch */,
				04A8FA3F17A826F400AF8705 /* Default.png */,
				04A8FA4117A826F400AF8705 /* Default@2x.png */,
				04A8FA4317A826F400AF8705 /* Default-568h@2x.png */,
			);
			name = "Supporting Files";
			sourceTree = "<group>";
		};
/* End PBXGroup section */

/* Begin PBXNativeTarget section */
		04A8FA2917A826F400AF8705 /* MappingMappingMapping */ = {
			isa = PBXNativeTarget;
			buildConfigurationList = 04A8FA4D17A826F400AF8705 /* Build configuration list for PBXNativeTarget "MappingMappingMapping" */;
			buildPhases = (
				04A8FA2617A826F400AF8705 /* Sources */,
				04A8FA2717A826F400AF8705 /* Frameworks */,
				04A8FA2817A826F400AF8705 /* Resources */,
			);
			buildRules = (
			);
			dependencies = (
			);
			name = MappingMappingMapping;
			productName = MappingMapping;
			productReference = 04A8FA2A17A826F400AF8705 /* MappingMappingMapping.app */;
			productType = "com.apple.product-type.application";
		};
/* End PBXNativeTarget section */

/* Begin PBXProject section */
		04A8FA2217A826F400AF8705 /* Project object */ = {
			isa = PBXProject;
			attributes = {
				LastUpgradeCheck = 0460;
				ORGANIZATIONNAME = "Matthew Kish";
			};
			buildConfigurationList = 04A8FA2517A826F400AF8705 /* Build configuration list for PBXProject "MappingMappingMapping" */;
			compatibilityVersion = "Xcode 3.2";
			developmentRegion = English;
			hasScannedForEncodings = 0;
			knownRegions = (
				en,
			);
			mainGroup = 04A8FA2117A826F400AF8705;
			productRefGroup = 04A8FA2B17A826F400AF8705 /* Products */;
			projectDirPath = "";
			projectRoot = "";
			targets = (
				04A8FA2917A826F400AF8705 /* MappingMappingMapping */,
			);
		};
/* End PBXProject section */

/* Begin PBXResourcesBuildPhase section */
		04A8FA2817A826F400AF8705 /* Resources */ = {
			isa = PBXResourcesBuildPhase;
			buildActionMask = 2147483647;
			files = (
				04A8FA3817A826F400AF8705 /* InfoPlist.strings in Resources */,
				04A8FA4017A826F400AF8705 /* Default.png in Resources */,
				04A8FA4217A826F400AF8705 /* Default@2x.png in Resources */,
				04A8FA4417A826F400AF8705 /* Default-568h@2x.png in Resources */,
				04A8FA4717A826F400AF8705 /* MainStoryboard.storyboard in Resources */,
			);
			runOnlyForDeploymentPostprocessing = 0;
		};
/* End PBXResourcesBuildPhase section */

/* Begin PBXSourcesBuildPhase section */
		04A8FA2617A826F400AF8705 /* Sources */ = {
			isa = PBXSourcesBuildPhase;
			buildActionMask = 2147483647;
			files = (
				04A8FA3A17A826F400AF8705 /* main.m in Sources */,
				04A8FA3E17A826F400AF8705 /* AppDelegate.m in Sources */,
				04A8FA4A17A826F400AF8705 /* ViewController.m in Sources */,
				04A8FA5617A84AE500AF8705 /* StopsAnnotation.m in Sources */,
				04A8FA5917A851DC00AF8705 /* StopsAnnotationView.m in Sources */,
			);
			runOnlyForDeploymentPostprocessing = 0;
		};
/* End PBXSourcesBuildPhase section */

/* Begin PBXVariantGroup section */
		04A8FA3617A826F400AF8705 /* InfoPlist.strings */ = {
			isa = PBXVariantGroup;
			children = (
				04A8FA3717A826F400AF8705 /* en */,
			);
			name = InfoPlist.strings;
			sourceTree = "<group>";
		};
		04A8FA4517A826F400AF8705 /* MainStoryboard.storyboard */ = {
			isa = PBXVariantGroup;
			children = (
				04A8FA4617A826F400AF8705 /* en */,
			);
			name = MainStoryboard.storyboard;
			sourceTree = "<group>";
		};
/* End PBXVariantGroup section */

/* Begin XCBuildConfiguration section */
		04A8FA4B17A826F400AF8705 /* Debug */ = {
			isa = XCBuildConfiguration;
			buildSettings = {
				ALWAYS_SEARCH_USER_PATHS = NO;
				CLANG_CXX_LANGUAGE_STANDARD = "gnu++0x";
				CLANG_CXX_LIBRARY = "libc++";
				CLANG_ENABLE_OBJC_ARC = YES;
				CLANG_WARN_CONSTANT_CONVERSION = YES;
				CLANG_WARN_EMPTY_BODY = YES;
				CLANG_WARN_ENUM_CONVERSION = YES;
				CLANG_WARN_INT_CONVERSION = YES;
				CLANG_WARN__DUPLICATE_METHOD_MATCH = YES;
				"CODE_SIGN_IDENTITY[sdk=iphoneos*]" = "iPhone Developer";
				COPY_PHASE_STRIP = NO;
				GCC_C_LANGUAGE_STANDARD = gnu99;
				GCC_DYNAMIC_NO_PIC = NO;
				GCC_OPTIMIZATION_LEVEL = 0;
				GCC_PREPROCESSOR_DEFINITIONS = (
					"DEBUG=1",
					"$(inherited)",
				);
				GCC_SYMBOLS_PRIVATE_EXTERN = NO;
				GCC_WARN_ABOUT_RETURN_TYPE = YES;
				GCC_WARN_UNINITIALIZED_AUTOS = YES;
				GCC_WARN_UNUSED_VARIABLE = YES;
				IPHONEOS_DEPLOYMENT_TARGET = 6.1;
				ONLY_ACTIVE_ARCH = YES;
				SDKROOT = iphoneos;
			};
			name = Debug;
		};
		04A8FA4C17A826F400AF8705 /* Release */ = {
			isa = XCBuildConfiguration;
			buildSettings = {
				ALWAYS_SEARCH_USER_PATHS = NO;
				CLANG_CXX_LANGUAGE_STANDARD = "gnu++0x";
				CLANG_CXX_LIBRARY = "libc++";
				CLANG_ENABLE_OBJC_ARC = YES;
				CLANG_WARN_CONSTANT_CONVERSION = YES;
				CLANG_WARN_EMPTY_BODY = YES;
				CLANG_WARN_ENUM_CONVERSION = YES;
				CLANG_WARN_INT_CONVERSION = YES;
				CLANG_WARN__DUPLICATE_METHOD_MATCH = YES;
				"CODE_SIGN_IDENTITY[sdk=iphoneos*]" = "iPhone Developer";
				COPY_PHASE_STRIP = YES;
				GCC_C_LANGUAGE_STANDARD = gnu99;
				GCC_WARN_ABOUT_RETURN_TYPE = YES;
				GCC_WARN_UNINITIALIZED_AUTOS = YES;
				GCC_WARN_UNUSED_VARIABLE = YES;
				IPHONEOS_DEPLOYMENT_TARGET = 6.1;
				OTHER_CFLAGS = "-DNS_BLOCK_ASSERTIONS=1";
				SDKROOT = iphoneos;
				VALIDATE_PRODUCT = YES;
			};
			name = Release;
		};
		04A8FA4E17A826F400AF8705 /* Debug */ = {
			isa = XCBuildConfiguration;
			buildSettings = {
				GCC_PRECOMPILE_PREFIX_HEADER = YES;
				GCC_PREFIX_HEADER = "MappingMapping/MappingMappingMapping-Prefix.pch";
				INFOPLIST_FILE = "MappingMapping/MappingMappingMapping-Info.plist";
				PRODUCT_NAME = MappingMappingMapping;
				WRAPPER_EXTENSION = app;
			};
			name = Debug;
		};
		04A8FA4F17A826F400AF8705 /* Release */ = {
			isa = XCBuildConfiguration;
			buildSettings = {
				GCC_PRECOMPILE_PREFIX_HEADER = YES;
				GCC_PREFIX_HEADER = "MappingMapping/MappingMappingMapping-Prefix.pch";
				INFOPLIST_FILE = "MappingMapping/MappingMappingMapping-Info.plist";
				PRODUCT_NAME = MappingMappingMapping;
				WRAPPER_EXTENSION = app;
			};
			name = Release;
		};
/* End XCBuildConfiguration section */

/* Begin XCConfigurationList section */
		04A8FA2517A826F400AF8705 /* Build configuration list for PBXProject "MappingMappingMapping" */ = {
			isa = XCConfigurationList;
			buildConfigurations = (
				04A8FA4B17A826F400AF8705 /* Debug */,
				04A8FA4C17A826F400AF8705 /* Release */,
			);
			defaultConfigurationIsVisible = 0;
			defaultConfigurationName = Release;
		};
		04A8FA4D17A826F400AF8705 /* Build configuration list for PBXNativeTarget "MappingMappingMapping" */ = {
			isa = XCConfigurationList;
			buildConfigurations = (
				04A8FA4E17A826F400AF8705 /* Debug */,
				04A8FA4F17A826F400AF8705 /* Release */,
			);
			defaultConfigurationIsVisible = 0;
			defaultConfigurationName = Release;
		};
/* End XCConfigurationList section */
	};
	rootObject = 04A8FA2217A826F400AF8705 /* Project object */;
}
